// !$*UTF8*$!
{
	archiveVersion = 1;
	classes = {
	};
	objectVersion = 46;
	objects = {

/* Begin PBXBuildFile section */
		61A3F8791EB2CC3F0032048D /* AppDelegate.swift in Sources */ = {isa = PBXBuildFile; fileRef = 61A3F8781EB2CC3F0032048D /* AppDelegate.swift */; };
		61A3F87B1EB2CC3F0032048D /* ViewController.swift in Sources */ = {isa = PBXBuildFile; fileRef = 61A3F87A1EB2CC3F0032048D /* ViewController.swift */; };
		61A3F87E1EB2CC3F0032048D /* Main.storyboard in Resources */ = {isa = PBXBuildFile; fileRef = 61A3F87C1EB2CC3F0032048D /* Main.storyboard */; };
		61A3F8801EB2CC3F0032048D /* Assets.xcassets in Resources */ = {isa = PBXBuildFile; fileRef = 61A3F87F1EB2CC3F0032048D /* Assets.xcassets */; };
		61A3F8831EB2CC3F0032048D /* LaunchScreen.storyboard in Resources */ = {isa = PBXBuildFile; fileRef = 61A3F8811EB2CC3F0032048D /* LaunchScreen.storyboard */; };
		61A3F88E1EB2CC3F0032048D /* MyAsyncAppTests.swift in Sources */ = {isa = PBXBuildFile; fileRef = 61A3F88D1EB2CC3F0032048D /* MyAsyncAppTests.swift */; };
		61A3F8991EB2CC3F0032048D /* MyAsyncAppUITests.swift in Sources */ = {isa = PBXBuildFile; fileRef = 61A3F8981EB2CC3F0032048D /* MyAsyncAppUITests.swift */; };
/* End PBXBuildFile section */

/* Begin PBXContainerItemProxy section */
		61A3F88A1EB2CC3F0032048D /* PBXContainerItemProxy */ = {
			isa = PBXContainerItemProxy;
			containerPortal = 61A3F86D1EB2CC3F0032048D /* Project object */;
			proxyType = 1;
			remoteGlobalIDString = 61A3F8741EB2CC3F0032048D;
			remoteInfo = MyAsyncApp;
		};
		61A3F8951EB2CC3F0032048D /* PBXContainerItemProxy */ = {
			isa = PBXContainerItemProxy;
			containerPortal = 61A3F86D1EB2CC3F0032048D /* Project object */;
			proxyType = 1;
			remoteGlobalIDString = 61A3F8741EB2CC3F0032048D;
			remoteInfo = MyAsyncApp;
		};
/* End PBXContainerItemProxy section */

/* Begin PBXFileReference section */
		61A3F8751EB2CC3F0032048D /* MyAsyncApp.app */ = {isa = PBXFileReference; explicitFileType = wrapper.application; includeInIndex = 0; path = MyAsyncApp.app; sourceTree = BUILT_PRODUCTS_DIR; };
		61A3F8781EB2CC3F0032048D /* AppDelegate.swift */ = {isa = PBXFileReference; lastKnownFileType = sourcecode.swift; path = AppDelegate.swift; sourceTree = "<group>"; };
		61A3F87A1EB2CC3F0032048D /* ViewController.swift */ = {isa = PBXFileReference; lastKnownFileType = sourcecode.swift; path = ViewController.swift; sourceTree = "<group>"; };
		61A3F87D1EB2CC3F0032048D /* Base */ = {isa = PBXFileReference; lastKnownFileType = file.storyboard; name = Base; path = Base.lproj/Main.storyboard; sourceTree = "<group>"; };
		61A3F87F1EB2CC3F0032048D /* Assets.xcassets */ = {isa = PBXFileReference; lastKnownFileType = folder.assetcatalog; path = Assets.xcassets; sourceTree = "<group>"; };
		61A3F8821EB2CC3F0032048D /* Base */ = {isa = PBXFileReference; lastKnownFileType = file.storyboard; name = Base; path = Base.lproj/LaunchScreen.storyboard; sourceTree = "<group>"; };
		61A3F8841EB2CC3F0032048D /* Info.plist */ = {isa = PBXFileReference; lastKnownFileType = text.plist.xml; path = Info.plist; sourceTree = "<group>"; };
		61A3F8891EB2CC3F0032048D /* MyAsyncAppTests.xctest */ = {isa = PBXFileReference; explicitFileType = wrapper.cfbundle; includeInIndex = 0; path = MyAsyncAppTests.xctest; sourceTree = BUILT_PRODUCTS_DIR; };
		61A3F88D1EB2CC3F0032048D /* MyAsyncAppTests.swift */ = {isa = PBXFileReference; lastKnownFileType = sourcecode.swift; path = MyAsyncAppTests.swift; sourceTree = "<group>"; };
		61A3F88F1EB2CC3F0032048D /* Info.plist */ = {isa = PBXFileReference; lastKnownFileType = text.plist.xml; path = Info.plist; sourceTree = "<group>"; };
		61A3F8941EB2CC3F0032048D /* MyAsyncAppUITests.xctest */ = {isa = PBXFileReference; explicitFileType = wrapper.cfbundle; includeInIndex = 0; path = MyAsyncAppUITests.xctest; sourceTree = BUILT_PRODUCTS_DIR; };
		61A3F8981EB2CC3F0032048D /* MyAsyncAppUITests.swift */ = {isa = PBXFileReference; lastKnownFileType = sourcecode.swift; path = MyAsyncAppUITests.swift; sourceTree = "<group>"; };
		61A3F89A1EB2CC3F0032048D /* Info.plist */ = {isa = PBXFileReference; lastKnownFileType = text.plist.xml; path = Info.plist; sourceTree = "<group>"; };
/* End PBXFileReference section */

/* Begin PBXFrameworksBuildPhase section */
		61A3F8721EB2CC3F0032048D /* Frameworks */ = {
			isa = PBXFrameworksBuildPhase;
			buildActionMask = 2147483647;
			files = (
			);
			runOnlyForDeploymentPostprocessing = 0;
		};
		61A3F8861EB2CC3F0032048D /* Frameworks */ = {
			isa = PBXFrameworksBuildPhase;
			buildActionMask = 2147483647;
			files = (
			);
			runOnlyForDeploymentPostprocessing = 0;
		};
		61A3F8911EB2CC3F0032048D /* Frameworks */ = {
			isa = PBXFrameworksBuildPhase;
			buildActionMask = 2147483647;
			files = (
			);
			runOnlyForDeploymentPostprocessing = 0;
		};
/* End PBXFrameworksBuildPhase section */

/* Begin PBXGroup section */
		61A3F86C1EB2CC3F0032048D = {
			isa = PBXGroup;
			children = (
				61A3F8771EB2CC3F0032048D /* MyAsyncApp */,
				61A3F88C1EB2CC3F0032048D /* MyAsyncAppTests */,
				61A3F8971EB2CC3F0032048D /* MyAsyncAppUITests */,
				61A3F8761EB2CC3F0032048D /* Products */,
			);
			sourceTree = "<group>";
		};
		61A3F8761EB2CC3F0032048D /* Products */ = {
			isa = PBXGroup;
			children = (
				61A3F8751EB2CC3F0032048D /* MyAsyncApp.app */,
				61A3F8891EB2CC3F0032048D /* MyAsyncAppTests.xctest */,
				61A3F8941EB2CC3F0032048D /* MyAsyncAppUITests.xctest */,
			);
			name = Products;
			sourceTree = "<group>";
		};
		61A3F8771EB2CC3F0032048D /* MyAsyncApp */ = {
			isa = PBXGroup;
			children = (
				61A3F8781EB2CC3F0032048D /* AppDelegate.swift */,
				61A3F87A1EB2CC3F0032048D /* ViewController.swift */,
				61A3F87C1EB2CC3F0032048D /* Main.storyboard */,
				61A3F87F1EB2CC3F0032048D /* Assets.xcassets */,
				61A3F8811EB2CC3F0032048D /* LaunchScreen.storyboard */,
				61A3F8841EB2CC3F0032048D /* Info.plist */,
			);
			path = MyAsyncApp;
			sourceTree = "<group>";
		};
		61A3F88C1EB2CC3F0032048D /* MyAsyncAppTests */ = {
			isa = PBXGroup;
			children = (
				61A3F88D1EB2CC3F0032048D /* MyAsyncAppTests.swift */,
				61A3F88F1EB2CC3F0032048D /* Info.plist */,
			);
			path = MyAsyncAppTests;
			sourceTree = "<group>";
		};
		61A3F8971EB2CC3F0032048D /* MyAsyncAppUITests */ = {
			isa = PBXGroup;
			children = (
				61A3F8981EB2CC3F0032048D /* MyAsyncAppUITests.swift */,
				61A3F89A1EB2CC3F0032048D /* Info.plist */,
			);
			path = MyAsyncAppUITests;
			sourceTree = "<group>";
		};
/* End PBXGroup section */

/* Begin PBXNativeTarget section */
		61A3F8741EB2CC3F0032048D /* MyAsyncApp */ = {
			isa = PBXNativeTarget;
			buildConfigurationList = 61A3F89D1EB2CC3F0032048D /* Build configuration list for PBXNativeTarget "MyAsyncApp" */;
			buildPhases = (
				61A3F8711EB2CC3F0032048D /* Sources */,
				61A3F8721EB2CC3F0032048D /* Frameworks */,
				61A3F8731EB2CC3F0032048D /* Resources */,
			);
			buildRules = (
			);
			dependencies = (
			);
			name = MyAsyncApp;
			productName = MyAsyncApp;
			productReference = 61A3F8751EB2CC3F0032048D /* MyAsyncApp.app */;
			productType = "com.apple.product-type.application";
		};
		61A3F8881EB2CC3F0032048D /* MyAsyncAppTests */ = {
			isa = PBXNativeTarget;
			buildConfigurationList = 61A3F8A01EB2CC3F0032048D /* Build configuration list for PBXNativeTarget "MyAsyncAppTests" */;
			buildPhases = (
				61A3F8851EB2CC3F0032048D /* Sources */,
				61A3F8861EB2CC3F0032048D /* Frameworks */,
				61A3F8871EB2CC3F0032048D /* Resources */,
			);
			buildRules = (
			);
			dependencies = (
				61A3F88B1EB2CC3F0032048D /* PBXTargetDependency */,
			);
			name = MyAsyncAppTests;
			productName = MyAsyncAppTests;
			productReference = 61A3F8891EB2CC3F0032048D /* MyAsyncAppTests.xctest */;
			productType = "com.apple.product-type.bundle.unit-test";
		};
		61A3F8931EB2CC3F0032048D /* MyAsyncAppUITests */ = {
			isa = PBXNativeTarget;
			buildConfigurationList = 61A3F8A31EB2CC3F0032048D /* Build configuration list for PBXNativeTarget "MyAsyncAppUITests" */;
			buildPhases = (
				61A3F8901EB2CC3F0032048D /* Sources */,
				61A3F8911EB2CC3F0032048D /* Frameworks */,
				61A3F8921EB2CC3F0032048D /* Resources */,
			);
			buildRules = (
			);
			dependencies = (
				61A3F8961EB2CC3F0032048D /* PBXTargetDependency */,
			);
			name = MyAsyncAppUITests;
			productName = MyAsyncAppUITests;
			productReference = 61A3F8941EB2CC3F0032048D /* MyAsyncAppUITests.xctest */;
			productType = "com.apple.product-type.bundle.ui-testing";
		};
/* End PBXNativeTarget section */

/* Begin PBXProject section */
		61A3F86D1EB2CC3F0032048D /* Project object */ = {
			isa = PBXProject;
			attributes = {
				LastSwiftUpdateCheck = 0830;
				LastUpgradeCheck = 0830;
				ORGANIZATIONNAME = "Ena Markovic";
				TargetAttributes = {
					61A3F8741EB2CC3F0032048D = {
						CreatedOnToolsVersion = 8.3;
						DevelopmentTeam = 5UXPJJ3282;
						ProvisioningStyle = Automatic;
					};
					61A3F8881EB2CC3F0032048D = {
						CreatedOnToolsVersion = 8.3;
						DevelopmentTeam = 5UXPJJ3282;
						ProvisioningStyle = Automatic;
						TestTargetID = 61A3F8741EB2CC3F0032048D;
					};
					61A3F8931EB2CC3F0032048D = {
						CreatedOnToolsVersion = 8.3;
						DevelopmentTeam = 5UXPJJ3282;
						ProvisioningStyle = Automatic;
						TestTargetID = 61A3F8741EB2CC3F0032048D;
					};
				};
			};
			buildConfigurationList = 61A3F8701EB2CC3F0032048D /* Build configuration list for PBXProject "MyAsyncApp" */;
			compatibilityVersion = "Xcode 3.2";
			developmentRegion = English;
			hasScannedForEncodings = 0;
			knownRegions = (
				en,
				Base,
			);
			mainGroup = 61A3F86C1EB2CC3F0032048D;
			productRefGroup = 61A3F8761EB2CC3F0032048D /* Products */;
			projectDirPath = "";
			projectRoot = "";
			targets = (
				61A3F8741EB2CC3F0032048D /* MyAsyncApp */,
				61A3F8881EB2CC3F0032048D /* MyAsyncAppTests */,
				61A3F8931EB2CC3F0032048D /* MyAsyncAppUITests */,
			);
		};
/* End PBXProject section */

/* Begin PBXResourcesBuildPhase section */
		61A3F8731EB2CC3F0032048D /* Resources */ = {
			isa = PBXResourcesBuildPhase;
			buildActionMask = 2147483647;
			files = (
				61A3F8831EB2CC3F0032048D /* LaunchScreen.storyboard in Resources */,
				61A3F8801EB2CC3F0032048D /* Assets.xcassets in Resources */,
				61A3F87E1EB2CC3F0032048D /* Main.storyboard in Resources */,
			);
			runOnlyForDeploymentPostprocessing = 0;
		};
		61A3F8871EB2CC3F0032048D /* Resources */ = {
			isa = PBXResourcesBuildPhase;
			buildActionMask = 2147483647;
			files = (
			);
			runOnlyForDeploymentPostprocessing = 0;
		};
		61A3F8921EB2CC3F0032048D /* Resources */ = {
			isa = PBXResourcesBuildPhase;
			buildActionMask = 2147483647;
			files = (
			);
			runOnlyForDeploymentPostprocessing = 0;
		};
/* End PBXResourcesBuildPhase section */

/* Begin PBXSourcesBuildPhase section */
		61A3F8711EB2CC3F0032048D /* Sources */ = {
			isa = PBXSourcesBuildPhase;
			buildActionMask = 2147483647;
			files = (
				61A3F87B1EB2CC3F0032048D /* ViewController.swift in Sources */,
				61A3F8791EB2CC3F0032048D /* AppDelegate.swift in Sources */,
			);
			runOnlyForDeploymentPostprocessing = 0;
		};
		61A3F8851EB2CC3F0032048D /* Sources */ = {
			isa = PBXSourcesBuildPhase;
			buildActionMask = 2147483647;
			files = (
				61A3F88E1EB2CC3F0032048D /* MyAsyncAppTests.swift in Sources */,
			);
			runOnlyForDeploymentPostprocessing = 0;
		};
		61A3F8901EB2CC3F0032048D /* Sources */ = {
			isa = PBXSourcesBuildPhase;
			buildActionMask = 2147483647;
			files = (
				61A3F8991EB2CC3F0032048D /* MyAsyncAppUITests.swift in Sources */,
			);
			runOnlyForDeploymentPostprocessing = 0;
		};
/* End PBXSourcesBuildPhase section */

/* Begin PBXTargetDependency section */
		61A3F88B1EB2CC3F0032048D /* PBXTargetDependency */ = {
			isa = PBXTargetDependency;
			target = 61A3F8741EB2CC3F0032048D /* MyAsyncApp */;
			targetProxy = 61A3F88A1EB2CC3F0032048D /* PBXContainerItemProxy */;
		};
		61A3F8961EB2CC3F0032048D /* PBXTargetDependency */ = {
			isa = PBXTargetDependency;
			target = 61A3F8741EB2CC3F0032048D /* MyAsyncApp */;
			targetProxy = 61A3F8951EB2CC3F0032048D /* PBXContainerItemProxy */;
		};
/* End PBXTargetDependency section */

/* Begin PBXVariantGroup section */
		61A3F87C1EB2CC3F0032048D /* Main.storyboard */ = {
			isa = PBXVariantGroup;
			children = (
				61A3F87D1EB2CC3F0032048D /* Base */,
			);
			name = Main.storyboard;
			sourceTree = "<group>";
		};
		61A3F8811EB2CC3F0032048D /* LaunchScreen.storyboard */ = {
			isa = PBXVariantGroup;
			children = (
				61A3F8821EB2CC3F0032048D /* Base */,
			);
			name = LaunchScreen.storyboard;
			sourceTree = "<group>";
		};
/* End PBXVariantGroup section */

/* Begin XCBuildConfiguration section */
		61A3F89B1EB2CC3F0032048D /* Debug */ = {
			isa = XCBuildConfiguration;
			buildSettings = {
				ALWAYS_SEARCH_USER_PATHS = NO;
				CLANG_ANALYZER_NONNULL = YES;
				CLANG_ANALYZER_NUMBER_OBJECT_CONVERSION = YES_AGGRESSIVE;
				CLANG_CXX_LANGUAGE_STANDARD = "gnu++0x";
				CLANG_CXX_LIBRARY = "libc++";
				CLANG_ENABLE_MODULES = YES;
				CLANG_ENABLE_OBJC_ARC = YES;
				CLANG_WARN_BOOL_CONVERSION = YES;
				CLANG_WARN_CONSTANT_CONVERSION = YES;
				CLANG_WARN_DIRECT_OBJC_ISA_USAGE = YES_ERROR;
				CLANG_WARN_DOCUMENTATION_COMMENTS = YES;
				CLANG_WARN_EMPTY_BODY = YES;
				CLANG_WARN_ENUM_CONVERSION = YES;
				CLANG_WARN_INFINITE_RECURSION = YES;
				CLANG_WARN_INT_CONVERSION = YES;
				CLANG_WARN_OBJC_ROOT_CLASS = YES_ERROR;
				CLANG_WARN_SUSPICIOUS_MOVE = YES;
				CLANG_WARN_UNREACHABLE_CODE = YES;
				CLANG_WARN__DUPLICATE_METHOD_MATCH = YES;
				"CODE_SIGN_IDENTITY[sdk=iphoneos*]" = "iPhone Developer";
				COPY_PHASE_STRIP = NO;
				DEBUG_INFORMATION_FORMAT = dwarf;
				ENABLE_STRICT_OBJC_MSGSEND = YES;
				ENABLE_TESTABILITY = YES;
				GCC_C_LANGUAGE_STANDARD = gnu99;
				GCC_DYNAMIC_NO_PIC = NO;
				GCC_NO_COMMON_BLOCKS = YES;
				GCC_OPTIMIZATION_LEVEL = 0;
				GCC_PREPROCESSOR_DEFINITIONS = (
					"DEBUG=1",
					"$(inherited)",
				);
				GCC_WARN_64_TO_32_BIT_CONVERSION = YES;
				GCC_WARN_ABOUT_RETURN_TYPE = YES_ERROR;
				GCC_WARN_UNDECLARED_SELECTOR = YES;
				GCC_WARN_UNINITIALIZED_AUTOS = YES_AGGRESSIVE;
				GCC_WARN_UNUSED_FUNCTION = YES;
				GCC_WARN_UNUSED_VARIABLE = YES;
				IPHONEOS_DEPLOYMENT_TARGET = 10.3;
				MTL_ENABLE_DEBUG_INFO = YES;
				ONLY_ACTIVE_ARCH = YES;
				SDKROOT = iphoneos;
				SWIFT_ACTIVE_COMPILATION_CONDITIONS = DEBUG;
				SWIFT_OPTIMIZATION_LEVEL = "-Onone";
				TARGETED_DEVICE_FAMILY = "1,2";
			};
			name = Debug;
		};
		61A3F89C1EB2CC3F0032048D /* Release */ = {
			isa = XCBuildConfiguration;
			buildSettings = {
				ALWAYS_SEARCH_USER_PATHS = NO;
				CLANG_ANALYZER_NONNULL = YES;
				CLANG_ANALYZER_NUMBER_OBJECT_CONVERSION = YES_AGGRESSIVE;
				CLANG_CXX_LANGUAGE_STANDARD = "gnu++0x";
				CLANG_CXX_LIBRARY = "libc++";
				CLANG_ENABLE_MODULES = YES;
				CLANG_ENABLE_OBJC_ARC = YES;
				CLANG_WARN_BOOL_CONVERSION = YES;
				CLANG_WARN_CONSTANT_CONVERSION = YES;
				CLANG_WARN_DIRECT_OBJC_ISA_USAGE = YES_ERROR;
				CLANG_WARN_DOCUMENTATION_COMMENTS = YES;
				CLANG_WARN_EMPTY_BODY = YES;
				CLANG_WARN_ENUM_CONVERSION = YES;
				CLANG_WARN_INFINITE_RECURSION = YES;
				CLANG_WARN_INT_CONVERSION = YES;
				CLANG_WARN_OBJC_ROOT_CLASS = YES_ERROR;
				CLANG_WARN_SUSPICIOUS_MOVE = YES;
				CLANG_WARN_UNREACHABLE_CODE = YES;
				CLANG_WARN__DUPLICATE_METHOD_MATCH = YES;
				"CODE_SIGN_IDENTITY[sdk=iphoneos*]" = "iPhone Developer";
				COPY_PHASE_STRIP = NO;
				DEBUG_INFORMATION_FORMAT = "dwarf-with-dsym";
				ENABLE_NS_ASSERTIONS = NO;
				ENABLE_STRICT_OBJC_MSGSEND = YES;
				GCC_C_LANGUAGE_STANDARD = gnu99;
				GCC_NO_COMMON_BLOCKS = YES;
				GCC_WARN_64_TO_32_BIT_CONVERSION = YES;
				GCC_WARN_ABOUT_RETURN_TYPE = YES_ERROR;
				GCC_WARN_UNDECLARED_SELECTOR = YES;
				GCC_WARN_UNINITIALIZED_AUTOS = YES_AGGRESSIVE;
				GCC_WARN_UNUSED_FUNCTION = YES;
				GCC_WARN_UNUSED_VARIABLE = YES;
				IPHONEOS_DEPLOYMENT_TARGET = 10.3;
				MTL_ENABLE_DEBUG_INFO = NO;
				SDKROOT = iphoneos;
				SWIFT_OPTIMIZATION_LEVEL = "-Owholemodule";
				TARGETED_DEVICE_FAMILY = "1,2";
				VALIDATE_PRODUCT = YES;
			};
			name = Release;
		};
		61A3F89E1EB2CC3F0032048D /* Debug */ = {
			isa = XCBuildConfiguration;
			buildSettings = {
				ASSETCATALOG_COMPILER_APPICON_NAME = AppIcon;
				DEVELOPMENT_TEAM = 5UXPJJ3282;
				INFOPLIST_FILE = MyAsyncApp/Info.plist;
				LD_RUNPATH_SEARCH_PATHS = "$(inherited) @executable_path/Frameworks";
				PRODUCT_BUNDLE_IDENTIFIER = com.enamarkovic.MyAsyncApp;
				PRODUCT_NAME = "$(TARGET_NAME)";
				SWIFT_VERSION = 3.0;
			};
			name = Debug;
		};
		61A3F89F1EB2CC3F0032048D /* Release */ = {
			isa = XCBuildConfiguration;
			buildSettings = {
				ASSETCATALOG_COMPILER_APPICON_NAME = AppIcon;
				DEVELOPMENT_TEAM = 5UXPJJ3282;
				INFOPLIST_FILE = MyAsyncApp/Info.plist;
				LD_RUNPATH_SEARCH_PATHS = "$(inherited) @executable_path/Frameworks";
				PRODUCT_BUNDLE_IDENTIFIER = com.enamarkovic.MyAsyncApp;
				PRODUCT_NAME = "$(TARGET_NAME)";
				SWIFT_VERSION = 3.0;
			};
			name = Release;
		};
		61A3F8A11EB2CC3F0032048D /* Debug */ = {
			isa = XCBuildConfiguration;
			buildSettings = {
				ALWAYS_EMBED_SWIFT_STANDARD_LIBRARIES = YES;
				BUNDLE_LOADER = "$(TEST_HOST)";
				DEVELOPMENT_TEAM = 5UXPJJ3282;
				INFOPLIST_FILE = MyAsyncAppTests/Info.plist;
				LD_RUNPATH_SEARCH_PATHS = "$(inherited) @executable_path/Frameworks @loader_path/Frameworks";
				PRODUCT_BUNDLE_IDENTIFIER = com.enamarkovic.MyAsyncAppTests;
				PRODUCT_NAME = "$(TARGET_NAME)";
				SWIFT_VERSION = 3.0;
				TEST_HOST = "$(BUILT_PRODUCTS_DIR)/MyAsyncApp.app/MyAsyncApp";
			};
			name = Debug;
		};
		61A3F8A21EB2CC3F0032048D /* Release */ = {
			isa = XCBuildConfiguration;
			buildSettings = {
				ALWAYS_EMBED_SWIFT_STANDARD_LIBRARIES = YES;
				BUNDLE_LOADER = "$(TEST_HOST)";
				DEVELOPMENT_TEAM = 5UXPJJ3282;
				INFOPLIST_FILE = MyAsyncAppTests/Info.plist;
				LD_RUNPATH_SEARCH_PATHS = "$(inherited) @executable_path/Frameworks @loader_path/Frameworks";
				PRODUCT_BUNDLE_IDENTIFIER = com.enamarkovic.MyAsyncAppTests;
				PRODUCT_NAME = "$(TARGET_NAME)";
				SWIFT_VERSION = 3.0;
				TEST_HOST = "$(BUILT_PRODUCTS_DIR)/MyAsyncApp.app/MyAsyncApp";
			};
			name = Release;
		};
		61A3F8A41EB2CC3F0032048D /* Debug */ = {
			isa = XCBuildConfiguration;
			buildSettings = {
				ALWAYS_EMBED_SWIFT_STANDARD_LIBRARIES = YES;
				DEVELOPMENT_TEAM = 5UXPJJ3282;
				INFOPLIST_FILE = MyAsyncAppUITests/Info.plist;
				LD_RUNPATH_SEARCH_PATHS = "$(inherited) @executable_path/Frameworks @loader_path/Frameworks";
				PRODUCT_BUNDLE_IDENTIFIER = com.enamarkovic.MyAsyncAppUITests;
				PRODUCT_NAME = "$(TARGET_NAME)";
				SWIFT_VERSION = 3.0;
				TEST_TARGET_NAME = MyAsyncApp;
			};
			name = Debug;
		};
		61A3F8A51EB2CC3F0032048D /* Release */ = {
			isa = XCBuildConfiguration;
			buildSettings = {
				ALWAYS_EMBED_SWIFT_STANDARD_LIBRARIES = YES;
				DEVELOPMENT_TEAM = 5UXPJJ3282;
				INFOPLIST_FILE = MyAsyncAppUITests/Info.plist;
				LD_RUNPATH_SEARCH_PATHS = "$(inherited) @executable_path/Frameworks @loader_path/Frameworks";
				PRODUCT_BUNDLE_IDENTIFIER = com.enamarkovic.MyAsyncAppUITests;
				PRODUCT_NAME = "$(TARGET_NAME)";
				SWIFT_VERSION = 3.0;
				TEST_TARGET_NAME = MyAsyncApp;
			};
			name = Release;
		};
/* End XCBuildConfiguration section */

/* Begin XCConfigurationList section */
		61A3F8701EB2CC3F0032048D /* Build configuration list for PBXProject "MyAsyncApp" */ = {
			isa = XCConfigurationList;
			buildConfigurations = (
				61A3F89B1EB2CC3F0032048D /* Debug */,
				61A3F89C1EB2CC3F0032048D /* Release */,
			);
			defaultConfigurationIsVisible = 0;
			defaultConfigurationName = Release;
		};
		61A3F89D1EB2CC3F0032048D /* Build configuration list for PBXNativeTarget "MyAsyncApp" */ = {
			isa = XCConfigurationList;
			buildConfigurations = (
				61A3F89E1EB2CC3F0032048D /* Debug */,
				61A3F89F1EB2CC3F0032048D /* Release */,
			);
			defaultConfigurationIsVisible = 0;
		};
		61A3F8A01EB2CC3F0032048D /* Build configuration list for PBXNativeTarget "MyAsyncAppTests" */ = {
			isa = XCConfigurationList;
			buildConfigurations = (
				61A3F8A11EB2CC3F0032048D /* Debug */,
				61A3F8A21EB2CC3F0032048D /* Release */,
			);
			defaultConfigurationIsVisible = 0;
		};
		61A3F8A31EB2CC3F0032048D /* Build configuration list for PBXNativeTarget "MyAsyncAppUITests" */ = {
			isa = XCConfigurationList;
			buildConfigurations = (
				61A3F8A41EB2CC3F0032048D /* Debug */,
				61A3F8A51EB2CC3F0032048D /* Release */,
			);
			defaultConfigurationIsVisible = 0;
		};
/* End XCConfigurationList section */
	};
	rootObject = 61A3F86D1EB2CC3F0032048D /* Project object */;
}
